
Microsoft Visual Studio Solution File, Format Version 11.00
# Visual Studio 2010
Project("{FAE04EC0-301F-11D3-BF4B-00C04F79EFBC}") = "FuskerClient", "FuskerClient.csproj", "{BDC0C763-1B26-4D03-A4D8-99B7C6ECA5FE}"
EndProject
Global
	GlobalSection(SolutionConfigurationPlatforms) = preSolution
		Debug|x86 = Debug|x86
		Release|x86 = Release|x86
	EndGlobalSection
	GlobalSection(ProjectConfigurationPlatforms) = postSolution
		{BDC0C763-1B26-4D03-A4D8-99B7C6ECA5FE}.Debug|x86.ActiveCfg = Debug|x86
		{BDC0C763-1B26-4D03-A4D8-99B7C6ECA5FE}.Debug|x86.Build.0 = Debug|x86
		{BDC0C763-1B26-4D03-A4D8-99B7C6ECA5FE}.Release|x86.ActiveCfg = Release|x86
		{BDC0C763-1B26-4D03-A4D8-99B7C6ECA5FE}.Release|x86.Build.0 = Release|x86
	EndGlobalSection
	GlobalSection(SolutionProperties) = preSolution
		HideSolutionNode = FALSE
	EndGlobalSection
EndGlobal
